
Microsoft Visual Studio Solution File, Format Version 12.00
# Visual Studio Version 17
VisualStudioVersion = 17.5.33414.496
MinimumVisualStudioVersion = 10.0.40219.1
Project("{888888A0-9F3D-457C-B088-3A5042F75D52}") = "Listas3", "Listas1\Listas3.pyproj", "{C36E90FD-4B40-4E8B-82A2-4E2075652887}"
EndProject
Project("{888888A0-9F3D-457C-B088-3A5042F75D52}") = "Listas6", "Listas2\Listas6.pyproj", "{742A92CF-7374-4BF0-B6C5-3D818387FC3A}"
EndProject
Global
	GlobalSection(SolutionConfigurationPlatforms) = preSolution
		Debug|Any CPU = Debug|Any CPU
		Release|Any CPU = Release|Any CPU
	EndGlobalSection
	GlobalSection(ProjectConfigurationPlatforms) = postSolution
		{C36E90FD-4B40-4E8B-82A2-4E2075652887}.Debug|Any CPU.ActiveCfg = Debug|Any CPU
		{C36E90FD-4B40-4E8B-82A2-4E2075652887}.Release|Any CPU.ActiveCfg = Release|Any CPU
		{742A92CF-7374-4BF0-B6C5-3D818387FC3A}.Debug|Any CPU.ActiveCfg = Debug|Any CPU
		{742A92CF-7374-4BF0-B6C5-3D818387FC3A}.Release|Any CPU.ActiveCfg = Release|Any CPU
	EndGlobalSection
	GlobalSection(SolutionProperties) = preSolution
		HideSolutionNode = FALSE
	EndGlobalSection
	GlobalSection(ExtensibilityGlobals) = postSolution
		SolutionGuid = {8C960BA3-FE91-4F74-8099-215E5934AF12}
	EndGlobalSection
EndGlobal
