
Microsoft Visual Studio Solution File, Format Version 12.00
# Visual Studio Version 17
VisualStudioVersion = 17.5.33414.496
MinimumVisualStudioVersion = 10.0.40219.1
Project("{888888A0-9F3D-457C-B088-3A5042F75D52}") = "Listas3", "Listas3\Listas3.pyproj", "{C36E90FD-4B40-4E8B-82A2-4E2075652887}"
EndProject
Project("{888888A0-9F3D-457C-B088-3A5042F75D52}") = "Listas6", "Listas6\Listas6.pyproj", "{742A92CF-7374-4BF0-B6C5-3D818387FC3A}"
EndProject
Project("{888888A0-9F3D-457C-B088-3A5042F75D52}") = "Diccionarios08", "Diccionarios08\Diccionarios08.pyproj", "{503DAAAA-B8D3-4CF2-8CE3-41BE7AF9288C}"
EndProject
Project("{888888A0-9F3D-457C-B088-3A5042F75D52}") = "Diccionarios09", "Diccionarios09\Diccionarios09.pyproj", "{5E2363F0-92B5-4FC3-88E2-E321812DF200}"
EndProject
Project("{888888A0-9F3D-457C-B088-3A5042F75D52}") = "Diccionarios10", "Diccionarios10\Diccionarios10.pyproj", "{1C961365-A812-4A4F-82C1-9AB7B101A6D2}"
EndProject
Project("{888888A0-9F3D-457C-B088-3A5042F75D52}") = "Funcional01", "Funcional01\Funcional01.pyproj", "{66B06262-99BA-4D00-A97D-6C7A0DDEC600}"
EndProject
Global
	GlobalSection(SolutionConfigurationPlatforms) = preSolution
		Debug|Any CPU = Debug|Any CPU
		Release|Any CPU = Release|Any CPU
	EndGlobalSection
	GlobalSection(ProjectConfigurationPlatforms) = postSolution
		{C36E90FD-4B40-4E8B-82A2-4E2075652887}.Debug|Any CPU.ActiveCfg = Debug|Any CPU
		{C36E90FD-4B40-4E8B-82A2-4E2075652887}.Release|Any CPU.ActiveCfg = Release|Any CPU
		{742A92CF-7374-4BF0-B6C5-3D818387FC3A}.Debug|Any CPU.ActiveCfg = Debug|Any CPU
		{742A92CF-7374-4BF0-B6C5-3D818387FC3A}.Release|Any CPU.ActiveCfg = Release|Any CPU
		{503DAAAA-B8D3-4CF2-8CE3-41BE7AF9288C}.Debug|Any CPU.ActiveCfg = Debug|Any CPU
		{503DAAAA-B8D3-4CF2-8CE3-41BE7AF9288C}.Release|Any CPU.ActiveCfg = Release|Any CPU
		{5E2363F0-92B5-4FC3-88E2-E321812DF200}.Debug|Any CPU.ActiveCfg = Debug|Any CPU
		{5E2363F0-92B5-4FC3-88E2-E321812DF200}.Release|Any CPU.ActiveCfg = Release|Any CPU
		{1C961365-A812-4A4F-82C1-9AB7B101A6D2}.Debug|Any CPU.ActiveCfg = Debug|Any CPU
		{1C961365-A812-4A4F-82C1-9AB7B101A6D2}.Release|Any CPU.ActiveCfg = Release|Any CPU
		{66B06262-99BA-4D00-A97D-6C7A0DDEC600}.Debug|Any CPU.ActiveCfg = Debug|Any CPU
		{66B06262-99BA-4D00-A97D-6C7A0DDEC600}.Release|Any CPU.ActiveCfg = Release|Any CPU
	EndGlobalSection
	GlobalSection(SolutionProperties) = preSolution
		HideSolutionNode = FALSE
	EndGlobalSection
	GlobalSection(ExtensibilityGlobals) = postSolution
		SolutionGuid = {8C960BA3-FE91-4F74-8099-215E5934AF12}
	EndGlobalSection
EndGlobal
