
Microsoft Visual Studio Solution File, Format Version 12.00
# Visual Studio Version 16
VisualStudioVersion = 16.0.30523.141
MinimumVisualStudioVersion = 10.0.40219.1
Project("{FAE04EC0-301F-11D3-BF4B-00C04F79EFBC}") = "CosmosDbPeliculas", "CosmosDbPeliculas\CosmosDbPeliculas.csproj", "{33797A6B-3AC2-4AD2-B662-76EAD7B01DC6}"
EndProject
Global
	GlobalSection(SolutionConfigurationPlatforms) = preSolution
		Debug|Any CPU = Debug|Any CPU
		Release|Any CPU = Release|Any CPU
	EndGlobalSection
	GlobalSection(ProjectConfigurationPlatforms) = postSolution
		{33797A6B-3AC2-4AD2-B662-76EAD7B01DC6}.Debug|Any CPU.ActiveCfg = Debug|Any CPU
		{33797A6B-3AC2-4AD2-B662-76EAD7B01DC6}.Debug|Any CPU.Build.0 = Debug|Any CPU
		{33797A6B-3AC2-4AD2-B662-76EAD7B01DC6}.Release|Any CPU.ActiveCfg = Release|Any CPU
		{33797A6B-3AC2-4AD2-B662-76EAD7B01DC6}.Release|Any CPU.Build.0 = Release|Any CPU
	EndGlobalSection
	GlobalSection(SolutionProperties) = preSolution
		HideSolutionNode = FALSE
	EndGlobalSection
	GlobalSection(ExtensibilityGlobals) = postSolution
		SolutionGuid = {A35E793F-84AB-45F9-B80F-23A634A907CA}
	EndGlobalSection
EndGlobal
