
Microsoft Visual Studio Solution File, Format Version 12.00
# Visual Studio Version 17
VisualStudioVersion = 17.5.33414.496
MinimumVisualStudioVersion = 10.0.40219.1
Project("{888888A0-9F3D-457C-B088-3A5042F75D52}") = "Diccionarios y JSON", "Diccionarios y JSON\Diccionarios y JSON.pyproj", "{BDA62C1D-F4EC-4A92-984E-A8789F357072}"
EndProject
Project("{888888A0-9F3D-457C-B088-3A5042F75D52}") = "RegEx", "RegEx\RegEx.pyproj", "{0519F8B0-0FE8-45AD-BF6E-6CE927982C14}"
EndProject
Global
	GlobalSection(SolutionConfigurationPlatforms) = preSolution
		Debug|Any CPU = Debug|Any CPU
		Release|Any CPU = Release|Any CPU
	EndGlobalSection
	GlobalSection(ProjectConfigurationPlatforms) = postSolution
		{BDA62C1D-F4EC-4A92-984E-A8789F357072}.Debug|Any CPU.ActiveCfg = Debug|Any CPU
		{BDA62C1D-F4EC-4A92-984E-A8789F357072}.Release|Any CPU.ActiveCfg = Release|Any CPU
		{0519F8B0-0FE8-45AD-BF6E-6CE927982C14}.Debug|Any CPU.ActiveCfg = Debug|Any CPU
		{0519F8B0-0FE8-45AD-BF6E-6CE927982C14}.Release|Any CPU.ActiveCfg = Release|Any CPU
	EndGlobalSection
	GlobalSection(SolutionProperties) = preSolution
		HideSolutionNode = FALSE
	EndGlobalSection
	GlobalSection(ExtensibilityGlobals) = postSolution
		SolutionGuid = {A5495F2A-7AD8-4005-92CC-9A52948F36B5}
	EndGlobalSection
EndGlobal
