
Microsoft Visual Studio Solution File, Format Version 12.00
# Visual Studio Version 17
VisualStudioVersion = 17.3.32825.248
MinimumVisualStudioVersion = 10.0.40219.1
Project("{FAE04EC0-301F-11D3-BF4B-00C04F79EFBC}") = "WinForms2022Net6", "WinForms2022Net6.csproj", "{8B926712-AB78-44F1-B00F-5833A47EBCD3}"
EndProject
Global
	GlobalSection(SolutionConfigurationPlatforms) = preSolution
		Debug|Any CPU = Debug|Any CPU
		Release|Any CPU = Release|Any CPU
	EndGlobalSection
	GlobalSection(ProjectConfigurationPlatforms) = postSolution
		{8B926712-AB78-44F1-B00F-5833A47EBCD3}.Debug|Any CPU.ActiveCfg = Debug|Any CPU
		{8B926712-AB78-44F1-B00F-5833A47EBCD3}.Debug|Any CPU.Build.0 = Debug|Any CPU
		{8B926712-AB78-44F1-B00F-5833A47EBCD3}.Release|Any CPU.ActiveCfg = Release|Any CPU
		{8B926712-AB78-44F1-B00F-5833A47EBCD3}.Release|Any CPU.Build.0 = Release|Any CPU
	EndGlobalSection
	GlobalSection(SolutionProperties) = preSolution
		HideSolutionNode = FALSE
	EndGlobalSection
	GlobalSection(ExtensibilityGlobals) = postSolution
		SolutionGuid = {5C9C92D0-19E0-4650-8C92-FAE13A86D5A9}
	EndGlobalSection
EndGlobal
