
Microsoft Visual Studio Solution File, Format Version 12.00
# Visual Studio Version 17
VisualStudioVersion = 17.5.33414.496
MinimumVisualStudioVersion = 10.0.40219.1
Project("{888888A0-9F3D-457C-B088-3A5042F75D52}") = "Apareo y Corte de Control", "Apareo y Corte de Control.pyproj", "{170CF7BF-A2C7-4897-BB45-6F3B19CC4147}"
EndProject
Global
	GlobalSection(SolutionConfigurationPlatforms) = preSolution
		Debug|Any CPU = Debug|Any CPU
		Release|Any CPU = Release|Any CPU
	EndGlobalSection
	GlobalSection(ProjectConfigurationPlatforms) = postSolution
		{170CF7BF-A2C7-4897-BB45-6F3B19CC4147}.Debug|Any CPU.ActiveCfg = Debug|Any CPU
		{170CF7BF-A2C7-4897-BB45-6F3B19CC4147}.Release|Any CPU.ActiveCfg = Release|Any CPU
	EndGlobalSection
	GlobalSection(SolutionProperties) = preSolution
		HideSolutionNode = FALSE
	EndGlobalSection
	GlobalSection(ExtensibilityGlobals) = postSolution
		SolutionGuid = {EB96F3EE-05A3-4039-9E35-9FB3A345839D}
	EndGlobalSection
EndGlobal
